// !$*UTF8*$!
{
	archiveVersion = 1;
	classes = {
	};
	objectVersion = 46;
	objects = {

/* Begin PBXBuildFile section */
		017308E31D594C030079B366 /* GoogleSignIn.bundle in Resources */ = {isa = PBXBuildFile; fileRef = 017308E11D594C030079B366 /* GoogleSignIn.bundle */; };
		017308E41D594C030079B366 /* GoogleSignIn.framework in Frameworks */ = {isa = PBXBuildFile; fileRef = 017308E21D594C030079B366 /* GoogleSignIn.framework */; };
		017308E61D594D780079B366 /* SystemConfiguration.framework in Frameworks */ = {isa = PBXBuildFile; fileRef = 017308E51D594D780079B366 /* SystemConfiguration.framework */; };
		017308E81D594D820079B366 /* StoreKit.framework in Frameworks */ = {isa = PBXBuildFile; fileRef = 017308E71D594D820079B366 /* StoreKit.framework */; };
		017308EA1D594D960079B366 /* AddressBook.framework in Frameworks */ = {isa = PBXBuildFile; fileRef = 017308E91D594D960079B366 /* AddressBook.framework */; };
		017308FB1D5A55380079B366 /* LoggedInViewController.swift in Sources */ = {isa = PBXBuildFile; fileRef = 017308FA1D5A55380079B366 /* LoggedInViewController.swift */; };
		017308FD1D5A55C80079B366 /* Main.storyboard in Resources */ = {isa = PBXBuildFile; fileRef = 017308FC1D5A55C80079B366 /* Main.storyboard */; };
		017309061D5A61870079B366 /* SafariServices.framework in Frameworks */ = {isa = PBXBuildFile; fileRef = 017309051D5A61870079B366 /* SafariServices.framework */; };
		017309081D5A61980079B366 /* MessageUI.framework in Frameworks */ = {isa = PBXBuildFile; fileRef = 017309071D5A61980079B366 /* MessageUI.framework */; };
		0173090A1D5A61A10079B366 /* CoreMotion.framework in Frameworks */ = {isa = PBXBuildFile; fileRef = 017309091D5A61A10079B366 /* CoreMotion.framework */; };
		017309101D5A67330079B366 /* GoogleService-Info.plist in Resources */ = {isa = PBXBuildFile; fileRef = 0173090F1D5A67330079B366 /* GoogleService-Info.plist */; };
		017309141D5BA9E10079B366 /* GetCurrentUserData.swift in Sources */ = {isa = PBXBuildFile; fileRef = 017309131D5BA9E10079B366 /* GetCurrentUserData.swift */; };
		017309161D5D2D900079B366 /* PostCurrentUserData.swift in Sources */ = {isa = PBXBuildFile; fileRef = 017309151D5D2D900079B366 /* PostCurrentUserData.swift */; };
		017309181D5D37090079B366 /* fontawesome-webfont.ttf in Resources */ = {isa = PBXBuildFile; fileRef = 017309171D5D37090079B366 /* fontawesome-webfont.ttf */; };
		0173091A1D5D3E710079B366 /* CreateOrEditProfileViewController.swift in Sources */ = {isa = PBXBuildFile; fileRef = 017309191D5D3E710079B366 /* CreateOrEditProfileViewController.swift */; };
		017309201D5F9F0E0079B366 /* PuppyPalsViewController.swift in Sources */ = {isa = PBXBuildFile; fileRef = 0173091F1D5F9F0E0079B366 /* PuppyPalsViewController.swift */; };
		017309221D6037E10079B366 /* CustomButton.swift in Sources */ = {isa = PBXBuildFile; fileRef = 017309211D6037E10079B366 /* CustomButton.swift */; };
		017309241D6126750079B366 /* UserClass.swift in Sources */ = {isa = PBXBuildFile; fileRef = 017309231D6126750079B366 /* UserClass.swift */; };
		01ADD4511D57D2CA00C972C3 /* AppDelegate.swift in Sources */ = {isa = PBXBuildFile; fileRef = 01ADD4501D57D2CA00C972C3 /* AppDelegate.swift */; };
		01ADD4581D57D2CA00C972C3 /* Assets.xcassets in Resources */ = {isa = PBXBuildFile; fileRef = 01ADD4571D57D2CA00C972C3 /* Assets.xcassets */; };
		01ADD45B1D57D2CA00C972C3 /* LaunchScreen.storyboard in Resources */ = {isa = PBXBuildFile; fileRef = 01ADD4591D57D2CA00C972C3 /* LaunchScreen.storyboard */; };
		01ADD4661D57D2CA00C972C3 /* Fuzz_TherapyTests.swift in Sources */ = {isa = PBXBuildFile; fileRef = 01ADD4651D57D2CA00C972C3 /* Fuzz_TherapyTests.swift */; };
		01C4689C1D5843D8004FB4E4 /* Podfile in Resources */ = {isa = PBXBuildFile; fileRef = 01C4689A1D5843D8004FB4E4 /* Podfile */; };
		01C4689D1D5843D8004FB4E4 /* Podfile.lock in Resources */ = {isa = PBXBuildFile; fileRef = 01C4689B1D5843D8004FB4E4 /* Podfile.lock */; };
		9EAD50AB34D779E0A23B0AE2 /* Pods_Fuzz_Therapy.framework in Frameworks */ = {isa = PBXBuildFile; fileRef = DFD4EBBF3CB9E5118425E455 /* Pods_Fuzz_Therapy.framework */; };
		C3AD7E0FB537D731009F7573 /* Pods_Fuzz_TherapyTests.framework in Frameworks */ = {isa = PBXBuildFile; fileRef = 64C0F97922918A5B9E2A7AAC /* Pods_Fuzz_TherapyTests.framework */; };
/* End PBXBuildFile section */

/* Begin PBXContainerItemProxy section */
		01ADD4621D57D2CA00C972C3 /* PBXContainerItemProxy */ = {
			isa = PBXContainerItemProxy;
			containerPortal = 01ADD4451D57D2CA00C972C3 /* Project object */;
			proxyType = 1;
			remoteGlobalIDString = 01ADD44C1D57D2CA00C972C3;
			remoteInfo = "Fuzz Therapy";
		};
/* End PBXContainerItemProxy section */

/* Begin PBXFileReference section */
		017308E11D594C030079B366 /* GoogleSignIn.bundle */ = {isa = PBXFileReference; lastKnownFileType = "wrapper.plug-in"; name = GoogleSignIn.bundle; path = ../../Downloads/google_signin_sdk_2_1_0/GoogleSignIn.bundle; sourceTree = "<group>"; };
		017308E21D594C030079B366 /* GoogleSignIn.framework */ = {isa = PBXFileReference; lastKnownFileType = wrapper.framework; name = GoogleSignIn.framework; path = ../../Downloads/google_signin_sdk_2_1_0/GoogleSignIn.framework; sourceTree = "<group>"; };
		017308E51D594D780079B366 /* SystemConfiguration.framework */ = {isa = PBXFileReference; lastKnownFileType = wrapper.framework; name = SystemConfiguration.framework; path = System/Library/Frameworks/SystemConfiguration.framework; sourceTree = SDKROOT; };
		017308E71D594D820079B366 /* StoreKit.framework */ = {isa = PBXFileReference; lastKnownFileType = wrapper.framework; name = StoreKit.framework; path = System/Library/Frameworks/StoreKit.framework; sourceTree = SDKROOT; };
		017308E91D594D960079B366 /* AddressBook.framework */ = {isa = PBXFileReference; lastKnownFileType = wrapper.framework; name = AddressBook.framework; path = System/Library/Frameworks/AddressBook.framework; sourceTree = SDKROOT; };
		017308FA1D5A55380079B366 /* LoggedInViewController.swift */ = {isa = PBXFileReference; fileEncoding = 4; lastKnownFileType = sourcecode.swift; path = LoggedInViewController.swift; sourceTree = "<group>"; };
		017308FC1D5A55C80079B366 /* Main.storyboard */ = {isa = PBXFileReference; fileEncoding = 4; lastKnownFileType = file.storyboard; path = Main.storyboard; sourceTree = "<group>"; };
		017308FE1D5A576E0079B366 /* Fuzz Therapy-Bridging-Header.h */ = {isa = PBXFileReference; fileEncoding = 4; lastKnownFileType = sourcecode.c.h; name = "Fuzz Therapy-Bridging-Header.h"; path = "Supporting Files/Fuzz Therapy-Bridging-Header.h"; sourceTree = "<group>"; };
		017309051D5A61870079B366 /* SafariServices.framework */ = {isa = PBXFileReference; lastKnownFileType = wrapper.framework; name = SafariServices.framework; path = System/Library/Frameworks/SafariServices.framework; sourceTree = SDKROOT; };
		017309071D5A61980079B366 /* MessageUI.framework */ = {isa = PBXFileReference; lastKnownFileType = wrapper.framework; name = MessageUI.framework; path = System/Library/Frameworks/MessageUI.framework; sourceTree = SDKROOT; };
		017309091D5A61A10079B366 /* CoreMotion.framework */ = {isa = PBXFileReference; lastKnownFileType = wrapper.framework; name = CoreMotion.framework; path = System/Library/Frameworks/CoreMotion.framework; sourceTree = SDKROOT; };
		0173090F1D5A67330079B366 /* GoogleService-Info.plist */ = {isa = PBXFileReference; fileEncoding = 4; lastKnownFileType = text.plist.xml; path = "GoogleService-Info.plist"; sourceTree = "<group>"; };
		017309131D5BA9E10079B366 /* GetCurrentUserData.swift */ = {isa = PBXFileReference; fileEncoding = 4; lastKnownFileType = sourcecode.swift; path = GetCurrentUserData.swift; sourceTree = "<group>"; };
		017309151D5D2D900079B366 /* PostCurrentUserData.swift */ = {isa = PBXFileReference; fileEncoding = 4; lastKnownFileType = sourcecode.swift; path = PostCurrentUserData.swift; sourceTree = "<group>"; };
		017309171D5D37090079B366 /* fontawesome-webfont.ttf */ = {isa = PBXFileReference; lastKnownFileType = file; path = "fontawesome-webfont.ttf"; sourceTree = "<group>"; };
		017309191D5D3E710079B366 /* CreateOrEditProfileViewController.swift */ = {isa = PBXFileReference; fileEncoding = 4; lastKnownFileType = sourcecode.swift; path = CreateOrEditProfileViewController.swift; sourceTree = "<group>"; };
		0173091F1D5F9F0E0079B366 /* PuppyPalsViewController.swift */ = {isa = PBXFileReference; fileEncoding = 4; lastKnownFileType = sourcecode.swift; path = PuppyPalsViewController.swift; sourceTree = "<group>"; };
		017309211D6037E10079B366 /* CustomButton.swift */ = {isa = PBXFileReference; fileEncoding = 4; lastKnownFileType = sourcecode.swift; path = CustomButton.swift; sourceTree = "<group>"; };
		017309231D6126750079B366 /* UserClass.swift */ = {isa = PBXFileReference; fileEncoding = 4; lastKnownFileType = sourcecode.swift; path = UserClass.swift; sourceTree = "<group>"; };
		01ADD44D1D57D2CA00C972C3 /* Fuzz Therapy.app */ = {isa = PBXFileReference; explicitFileType = wrapper.application; includeInIndex = 0; path = "Fuzz Therapy.app"; sourceTree = BUILT_PRODUCTS_DIR; };
		01ADD4501D57D2CA00C972C3 /* AppDelegate.swift */ = {isa = PBXFileReference; lastKnownFileType = sourcecode.swift; path = AppDelegate.swift; sourceTree = "<group>"; };
		01ADD4571D57D2CA00C972C3 /* Assets.xcassets */ = {isa = PBXFileReference; lastKnownFileType = folder.assetcatalog; path = Assets.xcassets; sourceTree = "<group>"; };
		01ADD45A1D57D2CA00C972C3 /* Base */ = {isa = PBXFileReference; lastKnownFileType = file.storyboard; name = Base; path = Base.lproj/LaunchScreen.storyboard; sourceTree = "<group>"; };
		01ADD45C1D57D2CA00C972C3 /* Info.plist */ = {isa = PBXFileReference; lastKnownFileType = text.plist.xml; path = Info.plist; sourceTree = "<group>"; };
		01ADD4611D57D2CA00C972C3 /* Fuzz TherapyTests.xctest */ = {isa = PBXFileReference; explicitFileType = wrapper.cfbundle; includeInIndex = 0; path = "Fuzz TherapyTests.xctest"; sourceTree = BUILT_PRODUCTS_DIR; };
		01ADD4651D57D2CA00C972C3 /* Fuzz_TherapyTests.swift */ = {isa = PBXFileReference; lastKnownFileType = sourcecode.swift; path = Fuzz_TherapyTests.swift; sourceTree = "<group>"; };
		01ADD4671D57D2CA00C972C3 /* Info.plist */ = {isa = PBXFileReference; lastKnownFileType = text.plist.xml; path = Info.plist; sourceTree = "<group>"; };
		01C4689A1D5843D8004FB4E4 /* Podfile */ = {isa = PBXFileReference; fileEncoding = 4; lastKnownFileType = text; path = Podfile; sourceTree = SOURCE_ROOT; xcLanguageSpecificationIdentifier = xcode.lang.ruby; };
		01C4689B1D5843D8004FB4E4 /* Podfile.lock */ = {isa = PBXFileReference; fileEncoding = 4; lastKnownFileType = text; path = Podfile.lock; sourceTree = SOURCE_ROOT; };
		5C0725DAE2AC67EB2AC541A3 /* Pods-Fuzz TherapyTests.debug.xcconfig */ = {isa = PBXFileReference; includeInIndex = 1; lastKnownFileType = text.xcconfig; name = "Pods-Fuzz TherapyTests.debug.xcconfig"; path = "Pods/Target Support Files/Pods-Fuzz TherapyTests/Pods-Fuzz TherapyTests.debug.xcconfig"; sourceTree = "<group>"; };
		64C0F97922918A5B9E2A7AAC /* Pods_Fuzz_TherapyTests.framework */ = {isa = PBXFileReference; explicitFileType = wrapper.framework; includeInIndex = 0; path = Pods_Fuzz_TherapyTests.framework; sourceTree = BUILT_PRODUCTS_DIR; };
		71502F4D950FE5773A7B7DBD /* Pods-Fuzz Therapy.release.xcconfig */ = {isa = PBXFileReference; includeInIndex = 1; lastKnownFileType = text.xcconfig; name = "Pods-Fuzz Therapy.release.xcconfig"; path = "Pods/Target Support Files/Pods-Fuzz Therapy/Pods-Fuzz Therapy.release.xcconfig"; sourceTree = "<group>"; };
		7E1E28C65058D8322D65CFE8 /* Pods-Fuzz TherapyTests.release.xcconfig */ = {isa = PBXFileReference; includeInIndex = 1; lastKnownFileType = text.xcconfig; name = "Pods-Fuzz TherapyTests.release.xcconfig"; path = "Pods/Target Support Files/Pods-Fuzz TherapyTests/Pods-Fuzz TherapyTests.release.xcconfig"; sourceTree = "<group>"; };
		AAD4CD877C0E515AB5DA8693 /* Pods-Fuzz Therapy.debug.xcconfig */ = {isa = PBXFileReference; includeInIndex = 1; lastKnownFileType = text.xcconfig; name = "Pods-Fuzz Therapy.debug.xcconfig"; path = "Pods/Target Support Files/Pods-Fuzz Therapy/Pods-Fuzz Therapy.debug.xcconfig"; sourceTree = "<group>"; };
		DFD4EBBF3CB9E5118425E455 /* Pods_Fuzz_Therapy.framework */ = {isa = PBXFileReference; explicitFileType = wrapper.framework; includeInIndex = 0; path = Pods_Fuzz_Therapy.framework; sourceTree = BUILT_PRODUCTS_DIR; };
/* End PBXFileReference section */

/* Begin PBXFrameworksBuildPhase section */
		01ADD44A1D57D2CA00C972C3 /* Frameworks */ = {
			isa = PBXFrameworksBuildPhase;
			buildActionMask = 2147483647;
			files = (
				0173090A1D5A61A10079B366 /* CoreMotion.framework in Frameworks */,
				017309081D5A61980079B366 /* MessageUI.framework in Frameworks */,
				017309061D5A61870079B366 /* SafariServices.framework in Frameworks */,
				017308EA1D594D960079B366 /* AddressBook.framework in Frameworks */,
				017308E81D594D820079B366 /* StoreKit.framework in Frameworks */,
				017308E61D594D780079B366 /* SystemConfiguration.framework in Frameworks */,
				9EAD50AB34D779E0A23B0AE2 /* Pods_Fuzz_Therapy.framework in Frameworks */,
				017308E41D594C030079B366 /* GoogleSignIn.framework in Frameworks */,
			);
			runOnlyForDeploymentPostprocessing = 0;
		};
		01ADD45E1D57D2CA00C972C3 /* Frameworks */ = {
			isa = PBXFrameworksBuildPhase;
			buildActionMask = 2147483647;
			files = (
				C3AD7E0FB537D731009F7573 /* Pods_Fuzz_TherapyTests.framework in Frameworks */,
			);
			runOnlyForDeploymentPostprocessing = 0;
		};
/* End PBXFrameworksBuildPhase section */

/* Begin PBXGroup section */
		01ADD4441D57D2CA00C972C3 = {
			isa = PBXGroup;
			children = (
				01ADD44F1D57D2CA00C972C3 /* Fuzz Therapy */,
				01ADD4641D57D2CA00C972C3 /* Fuzz TherapyTests */,
				01ADD44E1D57D2CA00C972C3 /* Products */,
				8EF25A5B56B3F2D025F9B7B8 /* Pods */,
				7AFF24913A19BC74FA299B9D /* Frameworks */,
			);
			sourceTree = "<group>";
		};
		01ADD44E1D57D2CA00C972C3 /* Products */ = {
			isa = PBXGroup;
			children = (
				01ADD44D1D57D2CA00C972C3 /* Fuzz Therapy.app */,
				01ADD4611D57D2CA00C972C3 /* Fuzz TherapyTests.xctest */,
			);
			name = Products;
			sourceTree = "<group>";
		};
		01ADD44F1D57D2CA00C972C3 /* Fuzz Therapy */ = {
			isa = PBXGroup;
			children = (
				0173090F1D5A67330079B366 /* GoogleService-Info.plist */,
				017308FE1D5A576E0079B366 /* Fuzz Therapy-Bridging-Header.h */,
				01C4689A1D5843D8004FB4E4 /* Podfile */,
				01C4689B1D5843D8004FB4E4 /* Podfile.lock */,
				01ADD4501D57D2CA00C972C3 /* AppDelegate.swift */,
				017309231D6126750079B366 /* UserClass.swift */,
				017309211D6037E10079B366 /* CustomButton.swift */,
				017308FC1D5A55C80079B366 /* Main.storyboard */,
				017309171D5D37090079B366 /* fontawesome-webfont.ttf */,
				017308FA1D5A55380079B366 /* LoggedInViewController.swift */,
				017309191D5D3E710079B366 /* CreateOrEditProfileViewController.swift */,
				017309131D5BA9E10079B366 /* GetCurrentUserData.swift */,
				017309151D5D2D900079B366 /* PostCurrentUserData.swift */,
				01ADD4571D57D2CA00C972C3 /* Assets.xcassets */,
				0173091F1D5F9F0E0079B366 /* PuppyPalsViewController.swift */,
				01ADD4591D57D2CA00C972C3 /* LaunchScreen.storyboard */,
				01ADD45C1D57D2CA00C972C3 /* Info.plist */,
			);
			path = "Fuzz Therapy";
			sourceTree = "<group>";
		};
		01ADD4641D57D2CA00C972C3 /* Fuzz TherapyTests */ = {
			isa = PBXGroup;
			children = (
				01ADD4651D57D2CA00C972C3 /* Fuzz_TherapyTests.swift */,
				01ADD4671D57D2CA00C972C3 /* Info.plist */,
			);
			path = "Fuzz TherapyTests";
			sourceTree = "<group>";
		};
		7AFF24913A19BC74FA299B9D /* Frameworks */ = {
			isa = PBXGroup;
			children = (
				017309091D5A61A10079B366 /* CoreMotion.framework */,
				017309071D5A61980079B366 /* MessageUI.framework */,
				017309051D5A61870079B366 /* SafariServices.framework */,
				017308E11D594C030079B366 /* GoogleSignIn.bundle */,
				017308E21D594C030079B366 /* GoogleSignIn.framework */,
				017308E91D594D960079B366 /* AddressBook.framework */,
				017308E71D594D820079B366 /* StoreKit.framework */,
				017308E51D594D780079B366 /* SystemConfiguration.framework */,
				DFD4EBBF3CB9E5118425E455 /* Pods_Fuzz_Therapy.framework */,
				64C0F97922918A5B9E2A7AAC /* Pods_Fuzz_TherapyTests.framework */,
			);
			name = Frameworks;
			sourceTree = "<group>";
		};
		8EF25A5B56B3F2D025F9B7B8 /* Pods */ = {
			isa = PBXGroup;
			children = (
				AAD4CD877C0E515AB5DA8693 /* Pods-Fuzz Therapy.debug.xcconfig */,
				71502F4D950FE5773A7B7DBD /* Pods-Fuzz Therapy.release.xcconfig */,
				5C0725DAE2AC67EB2AC541A3 /* Pods-Fuzz TherapyTests.debug.xcconfig */,
				7E1E28C65058D8322D65CFE8 /* Pods-Fuzz TherapyTests.release.xcconfig */,
			);
			name = Pods;
			sourceTree = "<group>";
		};
/* End PBXGroup section */

/* Begin PBXNativeTarget section */
		01ADD44C1D57D2CA00C972C3 /* Fuzz Therapy */ = {
			isa = PBXNativeTarget;
			buildConfigurationList = 01ADD46A1D57D2CA00C972C3 /* Build configuration list for PBXNativeTarget "Fuzz Therapy" */;
			buildPhases = (
				F14F8DACEBA5605EAA0A1489 /* [CP] Check Pods Manifest.lock */,
				01ADD4491D57D2CA00C972C3 /* Sources */,
				01ADD44A1D57D2CA00C972C3 /* Frameworks */,
				01ADD44B1D57D2CA00C972C3 /* Resources */,
				4F863F11237ABFFC2084DD5F /* [CP] Embed Pods Frameworks */,
				C738255F00B170D64687F1E3 /* [CP] Copy Pods Resources */,
			);
			buildRules = (
			);
			dependencies = (
			);
			name = "Fuzz Therapy";
			productName = "Fuzz Therapy";
			productReference = 01ADD44D1D57D2CA00C972C3 /* Fuzz Therapy.app */;
			productType = "com.apple.product-type.application";
		};
		01ADD4601D57D2CA00C972C3 /* Fuzz TherapyTests */ = {
			isa = PBXNativeTarget;
			buildConfigurationList = 01ADD46D1D57D2CA00C972C3 /* Build configuration list for PBXNativeTarget "Fuzz TherapyTests" */;
			buildPhases = (
				FF453C4478D09618A4B517E2 /* [CP] Check Pods Manifest.lock */,
				01ADD45D1D57D2CA00C972C3 /* Sources */,
				01ADD45E1D57D2CA00C972C3 /* Frameworks */,
				01ADD45F1D57D2CA00C972C3 /* Resources */,
				C1BEA324D4E7AA4850DC785F /* [CP] Embed Pods Frameworks */,
				95B86AF327E035714C00B520 /* [CP] Copy Pods Resources */,
			);
			buildRules = (
			);
			dependencies = (
				01ADD4631D57D2CA00C972C3 /* PBXTargetDependency */,
			);
			name = "Fuzz TherapyTests";
			productName = "Fuzz TherapyTests";
			productReference = 01ADD4611D57D2CA00C972C3 /* Fuzz TherapyTests.xctest */;
			productType = "com.apple.product-type.bundle.unit-test";
		};
/* End PBXNativeTarget section */

/* Begin PBXProject section */
		01ADD4451D57D2CA00C972C3 /* Project object */ = {
			isa = PBXProject;
			attributes = {
				LastSwiftUpdateCheck = 0730;
				LastUpgradeCheck = 0730;
				ORGANIZATIONNAME = "Jade Vance";
				TargetAttributes = {
					01ADD44C1D57D2CA00C972C3 = {
						CreatedOnToolsVersion = 7.3.1;
						DevelopmentTeam = XN4U6DSLR9;
					};
					01ADD4601D57D2CA00C972C3 = {
						CreatedOnToolsVersion = 7.3.1;
						TestTargetID = 01ADD44C1D57D2CA00C972C3;
					};
				};
			};
			buildConfigurationList = 01ADD4481D57D2CA00C972C3 /* Build configuration list for PBXProject "Fuzz Therapy" */;
			compatibilityVersion = "Xcode 3.2";
			developmentRegion = English;
			hasScannedForEncodings = 0;
			knownRegions = (
				en,
				Base,
			);
			mainGroup = 01ADD4441D57D2CA00C972C3;
			productRefGroup = 01ADD44E1D57D2CA00C972C3 /* Products */;
			projectDirPath = "";
			projectRoot = "";
			targets = (
				01ADD44C1D57D2CA00C972C3 /* Fuzz Therapy */,
				01ADD4601D57D2CA00C972C3 /* Fuzz TherapyTests */,
			);
		};
/* End PBXProject section */

/* Begin PBXResourcesBuildPhase section */
		01ADD44B1D57D2CA00C972C3 /* Resources */ = {
			isa = PBXResourcesBuildPhase;
			buildActionMask = 2147483647;
			files = (
				017308FD1D5A55C80079B366 /* Main.storyboard in Resources */,
				01ADD45B1D57D2CA00C972C3 /* LaunchScreen.storyboard in Resources */,
				01ADD4581D57D2CA00C972C3 /* Assets.xcassets in Resources */,
				01C4689D1D5843D8004FB4E4 /* Podfile.lock in Resources */,
				01C4689C1D5843D8004FB4E4 /* Podfile in Resources */,
				017309181D5D37090079B366 /* fontawesome-webfont.ttf in Resources */,
				017308E31D594C030079B366 /* GoogleSignIn.bundle in Resources */,
				017309101D5A67330079B366 /* GoogleService-Info.plist in Resources */,
			);
			runOnlyForDeploymentPostprocessing = 0;
		};
		01ADD45F1D57D2CA00C972C3 /* Resources */ = {
			isa = PBXResourcesBuildPhase;
			buildActionMask = 2147483647;
			files = (
			);
			runOnlyForDeploymentPostprocessing = 0;
		};
/* End PBXResourcesBuildPhase section */

/* Begin PBXShellScriptBuildPhase section */
		4F863F11237ABFFC2084DD5F /* [CP] Embed Pods Frameworks */ = {
			isa = PBXShellScriptBuildPhase;
			buildActionMask = 2147483647;
			files = (
			);
			inputPaths = (
			);
			name = "[CP] Embed Pods Frameworks";
			outputPaths = (
			);
			runOnlyForDeploymentPostprocessing = 0;
			shellPath = /bin/sh;
			shellScript = "\"${SRCROOT}/Pods/Target Support Files/Pods-Fuzz Therapy/Pods-Fuzz Therapy-frameworks.sh\"\n";
			showEnvVarsInLog = 0;
		};
		95B86AF327E035714C00B520 /* [CP] Copy Pods Resources */ = {
			isa = PBXShellScriptBuildPhase;
			buildActionMask = 2147483647;
			files = (
			);
			inputPaths = (
			);
			name = "[CP] Copy Pods Resources";
			outputPaths = (
			);
			runOnlyForDeploymentPostprocessing = 0;
			shellPath = /bin/sh;
			shellScript = "\"${SRCROOT}/Pods/Target Support Files/Pods-Fuzz TherapyTests/Pods-Fuzz TherapyTests-resources.sh\"\n";
			showEnvVarsInLog = 0;
		};
		C1BEA324D4E7AA4850DC785F /* [CP] Embed Pods Frameworks */ = {
			isa = PBXShellScriptBuildPhase;
			buildActionMask = 2147483647;
			files = (
			);
			inputPaths = (
			);
			name = "[CP] Embed Pods Frameworks";
			outputPaths = (
			);
			runOnlyForDeploymentPostprocessing = 0;
			shellPath = /bin/sh;
			shellScript = "\"${SRCROOT}/Pods/Target Support Files/Pods-Fuzz TherapyTests/Pods-Fuzz TherapyTests-frameworks.sh\"\n";
			showEnvVarsInLog = 0;
		};
		C738255F00B170D64687F1E3 /* [CP] Copy Pods Resources */ = {
			isa = PBXShellScriptBuildPhase;
			buildActionMask = 2147483647;
			files = (
			);
			inputPaths = (
			);
			name = "[CP] Copy Pods Resources";
			outputPaths = (
			);
			runOnlyForDeploymentPostprocessing = 0;
			shellPath = /bin/sh;
			shellScript = "\"${SRCROOT}/Pods/Target Support Files/Pods-Fuzz Therapy/Pods-Fuzz Therapy-resources.sh\"\n";
			showEnvVarsInLog = 0;
		};
		F14F8DACEBA5605EAA0A1489 /* [CP] Check Pods Manifest.lock */ = {
			isa = PBXShellScriptBuildPhase;
			buildActionMask = 2147483647;
			files = (
			);
			inputPaths = (
			);
			name = "[CP] Check Pods Manifest.lock";
			outputPaths = (
			);
			runOnlyForDeploymentPostprocessing = 0;
			shellPath = /bin/sh;
			shellScript = "diff \"${PODS_ROOT}/../Podfile.lock\" \"${PODS_ROOT}/Manifest.lock\" > /dev/null\nif [[ $? != 0 ]] ; then\n    cat << EOM\nerror: The sandbox is not in sync with the Podfile.lock. Run 'pod install' or update your CocoaPods installation.\nEOM\n    exit 1\nfi\n";
			showEnvVarsInLog = 0;
		};
		FF453C4478D09618A4B517E2 /* [CP] Check Pods Manifest.lock */ = {
			isa = PBXShellScriptBuildPhase;
			buildActionMask = 2147483647;
			files = (
			);
			inputPaths = (
			);
			name = "[CP] Check Pods Manifest.lock";
			outputPaths = (
			);
			runOnlyForDeploymentPostprocessing = 0;
			shellPath = /bin/sh;
			shellScript = "diff \"${PODS_ROOT}/../Podfile.lock\" \"${PODS_ROOT}/Manifest.lock\" > /dev/null\nif [[ $? != 0 ]] ; then\n    cat << EOM\nerror: The sandbox is not in sync with the Podfile.lock. Run 'pod install' or update your CocoaPods installation.\nEOM\n    exit 1\nfi\n";
			showEnvVarsInLog = 0;
		};
/* End PBXShellScriptBuildPhase section */

/* Begin PBXSourcesBuildPhase section */
		01ADD4491D57D2CA00C972C3 /* Sources */ = {
			isa = PBXSourcesBuildPhase;
			buildActionMask = 2147483647;
			files = (
				017308FB1D5A55380079B366 /* LoggedInViewController.swift in Sources */,
				0173091A1D5D3E710079B366 /* CreateOrEditProfileViewController.swift in Sources */,
				017309161D5D2D900079B366 /* PostCurrentUserData.swift in Sources */,
				017309201D5F9F0E0079B366 /* PuppyPalsViewController.swift in Sources */,
				017309221D6037E10079B366 /* CustomButton.swift in Sources */,
				01ADD4511D57D2CA00C972C3 /* AppDelegate.swift in Sources */,
				017309141D5BA9E10079B366 /* GetCurrentUserData.swift in Sources */,
				017309241D6126750079B366 /* UserClass.swift in Sources */,
			);
			runOnlyForDeploymentPostprocessing = 0;
		};
		01ADD45D1D57D2CA00C972C3 /* Sources */ = {
			isa = PBXSourcesBuildPhase;
			buildActionMask = 2147483647;
			files = (
				01ADD4661D57D2CA00C972C3 /* Fuzz_TherapyTests.swift in Sources */,
			);
			runOnlyForDeploymentPostprocessing = 0;
		};
/* End PBXSourcesBuildPhase section */

/* Begin PBXTargetDependency section */
		01ADD4631D57D2CA00C972C3 /* PBXTargetDependency */ = {
			isa = PBXTargetDependency;
			target = 01ADD44C1D57D2CA00C972C3 /* Fuzz Therapy */;
			targetProxy = 01ADD4621D57D2CA00C972C3 /* PBXContainerItemProxy */;
		};
/* End PBXTargetDependency section */

/* Begin PBXVariantGroup section */
		01ADD4591D57D2CA00C972C3 /* LaunchScreen.storyboard */ = {
			isa = PBXVariantGroup;
			children = (
				01ADD45A1D57D2CA00C972C3 /* Base */,
			);
			name = LaunchScreen.storyboard;
			sourceTree = "<group>";
		};
/* End PBXVariantGroup section */

/* Begin XCBuildConfiguration section */
		01ADD4681D57D2CA00C972C3 /* Debug */ = {
			isa = XCBuildConfiguration;
			buildSettings = {
				ALWAYS_SEARCH_USER_PATHS = NO;
				CLANG_ANALYZER_NONNULL = YES;
				CLANG_CXX_LANGUAGE_STANDARD = "gnu++0x";
				CLANG_CXX_LIBRARY = "libc++";
				CLANG_ENABLE_MODULES = YES;
				CLANG_ENABLE_OBJC_ARC = YES;
				CLANG_WARN_BOOL_CONVERSION = YES;
				CLANG_WARN_CONSTANT_CONVERSION = YES;
				CLANG_WARN_DIRECT_OBJC_ISA_USAGE = YES_ERROR;
				CLANG_WARN_EMPTY_BODY = YES;
				CLANG_WARN_ENUM_CONVERSION = YES;
				CLANG_WARN_INT_CONVERSION = YES;
				CLANG_WARN_OBJC_ROOT_CLASS = YES_ERROR;
				CLANG_WARN_UNREACHABLE_CODE = YES;
				CLANG_WARN__DUPLICATE_METHOD_MATCH = YES;
				"CODE_SIGN_IDENTITY[sdk=iphoneos*]" = "iPhone Developer";
				COPY_PHASE_STRIP = NO;
				DEBUG_INFORMATION_FORMAT = dwarf;
				ENABLE_STRICT_OBJC_MSGSEND = YES;
				ENABLE_TESTABILITY = YES;
				GCC_C_LANGUAGE_STANDARD = gnu99;
				GCC_DYNAMIC_NO_PIC = NO;
				GCC_NO_COMMON_BLOCKS = YES;
				GCC_OPTIMIZATION_LEVEL = 0;
				GCC_PREPROCESSOR_DEFINITIONS = (
					"DEBUG=1",
					"$(inherited)",
				);
				GCC_WARN_64_TO_32_BIT_CONVERSION = YES;
				GCC_WARN_ABOUT_RETURN_TYPE = YES_ERROR;
				GCC_WARN_UNDECLARED_SELECTOR = YES;
				GCC_WARN_UNINITIALIZED_AUTOS = YES_AGGRESSIVE;
				GCC_WARN_UNUSED_FUNCTION = YES;
				GCC_WARN_UNUSED_VARIABLE = YES;
				IPHONEOS_DEPLOYMENT_TARGET = 9.3;
				MTL_ENABLE_DEBUG_INFO = YES;
				ONLY_ACTIVE_ARCH = YES;
				SDKROOT = iphoneos;
				"SWIFT_INSTALL_OBJC_HEADER[arch=*]" = YES;
				SWIFT_OBJC_BRIDGING_HEADER = "";
				"SWIFT_OBJC_BRIDGING_HEADER[arch=*]" = "$(SWIFT_MODULE_NAME)-Bridging-Header.h";
				SWIFT_OPTIMIZATION_LEVEL = "-Onone";
				TARGETED_DEVICE_FAMILY = "1,2";
			};
			name = Debug;
		};
		01ADD4691D57D2CA00C972C3 /* Release */ = {
			isa = XCBuildConfiguration;
			buildSettings = {
				ALWAYS_SEARCH_USER_PATHS = NO;
				CLANG_ANALYZER_NONNULL = YES;
				CLANG_CXX_LANGUAGE_STANDARD = "gnu++0x";
				CLANG_CXX_LIBRARY = "libc++";
				CLANG_ENABLE_MODULES = YES;
				CLANG_ENABLE_OBJC_ARC = YES;
				CLANG_WARN_BOOL_CONVERSION = YES;
				CLANG_WARN_CONSTANT_CONVERSION = YES;
				CLANG_WARN_DIRECT_OBJC_ISA_USAGE = YES_ERROR;
				CLANG_WARN_EMPTY_BODY = YES;
				CLANG_WARN_ENUM_CONVERSION = YES;
				CLANG_WARN_INT_CONVERSION = YES;
				CLANG_WARN_OBJC_ROOT_CLASS = YES_ERROR;
				CLANG_WARN_UNREACHABLE_CODE = YES;
				CLANG_WARN__DUPLICATE_METHOD_MATCH = YES;
				"CODE_SIGN_IDENTITY[sdk=iphoneos*]" = "iPhone Developer";
				COPY_PHASE_STRIP = NO;
				DEBUG_INFORMATION_FORMAT = "dwarf-with-dsym";
				ENABLE_NS_ASSERTIONS = NO;
				ENABLE_STRICT_OBJC_MSGSEND = YES;
				GCC_C_LANGUAGE_STANDARD = gnu99;
				GCC_NO_COMMON_BLOCKS = YES;
				GCC_WARN_64_TO_32_BIT_CONVERSION = YES;
				GCC_WARN_ABOUT_RETURN_TYPE = YES_ERROR;
				GCC_WARN_UNDECLARED_SELECTOR = YES;
				GCC_WARN_UNINITIALIZED_AUTOS = YES_AGGRESSIVE;
				GCC_WARN_UNUSED_FUNCTION = YES;
				GCC_WARN_UNUSED_VARIABLE = YES;
				IPHONEOS_DEPLOYMENT_TARGET = 9.3;
				MTL_ENABLE_DEBUG_INFO = NO;
				SDKROOT = iphoneos;
				SWIFT_OBJC_BRIDGING_HEADER = "";
				"SWIFT_OBJC_BRIDGING_HEADER[arch=*]" = "$(SWIFT_MODULE_NAME)-Bridging-Header.h";
				TARGETED_DEVICE_FAMILY = "1,2";
				VALIDATE_PRODUCT = YES;
			};
			name = Release;
		};
		01ADD46B1D57D2CA00C972C3 /* Debug */ = {
			isa = XCBuildConfiguration;
			baseConfigurationReference = AAD4CD877C0E515AB5DA8693 /* Pods-Fuzz Therapy.debug.xcconfig */;
			buildSettings = {
				ASSETCATALOG_COMPILER_APPICON_NAME = AppIcon;
				CLANG_ENABLE_MODULES = YES;
				CODE_SIGN_IDENTITY = "iPhone Developer";
				DEBUG_INFORMATION_FORMAT = "dwarf-with-dsym";
				EMBEDDED_CONTENT_CONTAINS_SWIFT = "$(inherited)";
				INFOPLIST_FILE = "Fuzz Therapy/Info.plist";
				LD_RUNPATH_SEARCH_PATHS = "$(inherited) @executable_path/Frameworks";
				PRODUCT_BUNDLE_IDENTIFIER = "jvance-fuzz-therapy.Fuzz-Therapy";
				PRODUCT_NAME = "$(TARGET_NAME)";
				SWIFT_OBJC_BRIDGING_HEADER = "Fuzz Therapy/Fuzz Therapy-Bridging-Header.h";
				SWIFT_OPTIMIZATION_LEVEL = "-Onone";
				TARGETED_DEVICE_FAMILY = 1;
			};
			name = Debug;
		};
		01ADD46C1D57D2CA00C972C3 /* Release */ = {
			isa = XCBuildConfiguration;
			baseConfigurationReference = 71502F4D950FE5773A7B7DBD /* Pods-Fuzz Therapy.release.xcconfig */;
			buildSettings = {
				ASSETCATALOG_COMPILER_APPICON_NAME = AppIcon;
				CLANG_ENABLE_MODULES = YES;
				CODE_SIGN_IDENTITY = "iPhone Developer";
				DEBUG_INFORMATION_FORMAT = "dwarf-with-dsym";
				EMBEDDED_CONTENT_CONTAINS_SWIFT = "$(inherited)";
				INFOPLIST_FILE = "Fuzz Therapy/Info.plist";
				LD_RUNPATH_SEARCH_PATHS = "$(inherited) @executable_path/Frameworks";
				PRODUCT_BUNDLE_IDENTIFIER = "jvance-fuzz-therapy.Fuzz-Therapy";
				PRODUCT_NAME = "$(TARGET_NAME)";
				SWIFT_OBJC_BRIDGING_HEADER = "Fuzz Therapy/Fuzz Therapy-Bridging-Header.h";
				TARGETED_DEVICE_FAMILY = 1;
			};
			name = Release;
		};
		01ADD46E1D57D2CA00C972C3 /* Debug */ = {
			isa = XCBuildConfiguration;
			baseConfigurationReference = 5C0725DAE2AC67EB2AC541A3 /* Pods-Fuzz TherapyTests.debug.xcconfig */;
			buildSettings = {
				BUNDLE_LOADER = "$(TEST_HOST)";
				INFOPLIST_FILE = "Fuzz TherapyTests/Info.plist";
				LD_RUNPATH_SEARCH_PATHS = "$(inherited) @executable_path/Frameworks @loader_path/Frameworks";
				PRODUCT_BUNDLE_IDENTIFIER = "jvance-fuzz-therapy.Fuzz-TherapyTests";
				PRODUCT_NAME = "$(TARGET_NAME)";
				TEST_HOST = "$(BUILT_PRODUCTS_DIR)/Fuzz Therapy.app/Fuzz Therapy";
			};
			name = Debug;
		};
		01ADD46F1D57D2CA00C972C3 /* Release */ = {
			isa = XCBuildConfiguration;
			baseConfigurationReference = 7E1E28C65058D8322D65CFE8 /* Pods-Fuzz TherapyTests.release.xcconfig */;
			buildSettings = {
				BUNDLE_LOADER = "$(TEST_HOST)";
				INFOPLIST_FILE = "Fuzz TherapyTests/Info.plist";
				LD_RUNPATH_SEARCH_PATHS = "$(inherited) @executable_path/Frameworks @loader_path/Frameworks";
				PRODUCT_BUNDLE_IDENTIFIER = "jvance-fuzz-therapy.Fuzz-TherapyTests";
				PRODUCT_NAME = "$(TARGET_NAME)";
				TEST_HOST = "$(BUILT_PRODUCTS_DIR)/Fuzz Therapy.app/Fuzz Therapy";
			};
			name = Release;
		};
/* End XCBuildConfiguration section */

/* Begin XCConfigurationList section */
		01ADD4481D57D2CA00C972C3 /* Build configuration list for PBXProject "Fuzz Therapy" */ = {
			isa = XCConfigurationList;
			buildConfigurations = (
				01ADD4681D57D2CA00C972C3 /* Debug */,
				01ADD4691D57D2CA00C972C3 /* Release */,
			);
			defaultConfigurationIsVisible = 0;
			defaultConfigurationName = Release;
		};
		01ADD46A1D57D2CA00C972C3 /* Build configuration list for PBXNativeTarget "Fuzz Therapy" */ = {
			isa = XCConfigurationList;
			buildConfigurations = (
				01ADD46B1D57D2CA00C972C3 /* Debug */,
				01ADD46C1D57D2CA00C972C3 /* Release */,
			);
			defaultConfigurationIsVisible = 0;
			defaultConfigurationName = Release;
		};
		01ADD46D1D57D2CA00C972C3 /* Build configuration list for PBXNativeTarget "Fuzz TherapyTests" */ = {
			isa = XCConfigurationList;
			buildConfigurations = (
				01ADD46E1D57D2CA00C972C3 /* Debug */,
				01ADD46F1D57D2CA00C972C3 /* Release */,
			);
			defaultConfigurationIsVisible = 0;
			defaultConfigurationName = Release;
		};
/* End XCConfigurationList section */
	};
	rootObject = 01ADD4451D57D2CA00C972C3 /* Project object */;
}
